
Microsoft Visual Studio Solution File, Format Version 10.00
# Visual Studio 2008
Project("{8BC9CEB8-8B4A-11D0-8D11-00A0C91BC942}") = "npcert2", "npcert2\npcert2.vcproj", "{F1BEA439-3FCB-4B87-B51E-1D779F237EBB}"
EndProject
Global
	GlobalSection(SolutionConfigurationPlatforms) = preSolution
		Debug|Win32 = Debug|Win32
		Release|Win32 = Release|Win32
	EndGlobalSection
	GlobalSection(ProjectConfigurationPlatforms) = postSolution
		{F1BEA439-3FCB-4B87-B51E-1D779F237EBB}.Debug|Win32.ActiveCfg = Debug|Win32
		{F1BEA439-3FCB-4B87-B51E-1D779F237EBB}.Debug|Win32.Build.0 = Debug|Win32
		{F1BEA439-3FCB-4B87-B51E-1D779F237EBB}.Release|Win32.ActiveCfg = Release|Win32
		{F1BEA439-3FCB-4B87-B51E-1D779F237EBB}.Release|Win32.Build.0 = Release|Win32
	EndGlobalSection
	GlobalSection(SolutionProperties) = preSolution
		HideSolutionNode = FALSE
	EndGlobalSection
EndGlobal
